{
  "name": "canvas-capture",
  "version": "1.0.0",
  "lockfileVersion": 1,
  "requires": true,
  "dependencies": {
    "@types/micromodal": {
      "version": "0.3.2",
      "resolved": "https://registry.npmjs.org/@types/micromodal/-/micromodal-0.3.2.tgz",
      "integrity": "sha512-rQAprHsGUqtbngygYKWKpgbmWCbdR6injIeLELVjapsI7xXCjKlbaet62haRG+CLYOacXzlUlS0me8H+3RG1UQ==",
      "dev": true
    },
    "ccapture.js": {
      "version": "git+https://github.com/amandaghassaei/ccapture.js.git#0e0884f336a45b337e59449f293169d52b712c68",
      "from": "git+https://github.com/amandaghassaei/ccapture.js.git#npm-fix"
    },
    "micromodal": {
      "version": "0.4.6",
      "resolved": "https://registry.npmjs.org/micromodal/-/micromodal-0.4.6.tgz",
      "integrity": "sha512-2VDso2a22jWPpqwuWT/4RomVpoU3Bl9qF9D01xzwlNp5UVsImeA0gY4nSpF44vqcQtQOtkiMUV9EZkAJSRxBsg=="
    },
    "typescript": {
      "version": "4.1.3",
      "resolved": "https://registry.npmjs.org/typescript/-/typescript-4.1.3.tgz",
      "integrity": "sha512-B3ZIOf1IKeH2ixgHhj6la6xdwR9QrLC5d1VKeCSY4tvkqhF2eqd9O7txNlS0PO3GrBAFIdr3L1ndNwteUbZLYg==",
      "dev": true
    }
  }
}
